// !$*UTF8*$!
{
	archiveVersion = 1;
	classes = {
	};
	objectVersion = 50;
	objects = {

/* Begin PBXBuildFile section */
		BA5BFCFF2698B3E300AB4AFB /* AppDelegate.swift in Sources */ = {isa = PBXBuildFile; fileRef = BA5BFCFE2698B3E300AB4AFB /* AppDelegate.swift */; };
		BA5BFD012698B3E300AB4AFB /* SceneDelegate.swift in Sources */ = {isa = PBXBuildFile; fileRef = BA5BFD002698B3E300AB4AFB /* SceneDelegate.swift */; };
		BA5BFD032698B3E300AB4AFB /* ViewController.swift in Sources */ = {isa = PBXBuildFile; fileRef = BA5BFD022698B3E300AB4AFB /* ViewController.swift */; };
		BA5BFD062698B3E300AB4AFB /* Main.storyboard in Resources */ = {isa = PBXBuildFile; fileRef = BA5BFD042698B3E300AB4AFB /* Main.storyboard */; };
		BA5BFD082698B3E400AB4AFB /* Assets.xcassets in Resources */ = {isa = PBXBuildFile; fileRef = BA5BFD072698B3E400AB4AFB /* Assets.xcassets */; };
		BA5BFD0B2698B3E400AB4AFB /* LaunchScreen.storyboard in Resources */ = {isa = PBXBuildFile; fileRef = BA5BFD092698B3E400AB4AFB /* LaunchScreen.storyboard */; };
		BA5BFD142698B3EE00AB4AFB /* PresentViewController.swift in Sources */ = {isa = PBXBuildFile; fileRef = BA5BFD132698B3EE00AB4AFB /* PresentViewController.swift */; };
/* End PBXBuildFile section */

/* Begin PBXFileReference section */
		BA5BFCFB2698B3E300AB4AFB /* NavigationControllerTask2.app */ = {isa = PBXFileReference; explicitFileType = wrapper.application; includeInIndex = 0; path = NavigationControllerTask2.app; sourceTree = BUILT_PRODUCTS_DIR; };
		BA5BFCFE2698B3E300AB4AFB /* AppDelegate.swift */ = {isa = PBXFileReference; lastKnownFileType = sourcecode.swift; path = AppDelegate.swift; sourceTree = "<group>"; };
		BA5BFD002698B3E300AB4AFB /* SceneDelegate.swift */ = {isa = PBXFileReference; lastKnownFileType = sourcecode.swift; path = SceneDelegate.swift; sourceTree = "<group>"; };
		BA5BFD022698B3E300AB4AFB /* ViewController.swift */ = {isa = PBXFileReference; lastKnownFileType = sourcecode.swift; path = ViewController.swift; sourceTree = "<group>"; };
		BA5BFD052698B3E300AB4AFB /* Base */ = {isa = PBXFileReference; lastKnownFileType = file.storyboard; name = Base; path = Base.lproj/Main.storyboard; sourceTree = "<group>"; };
		BA5BFD072698B3E400AB4AFB /* Assets.xcassets */ = {isa = PBXFileReference; lastKnownFileType = folder.assetcatalog; path = Assets.xcassets; sourceTree = "<group>"; };
		BA5BFD0A2698B3E400AB4AFB /* Base */ = {isa = PBXFileReference; lastKnownFileType = file.storyboard; name = Base; path = Base.lproj/LaunchScreen.storyboard; sourceTree = "<group>"; };
		BA5BFD0C2698B3E400AB4AFB /* Info.plist */ = {isa = PBXFileReference; lastKnownFileType = text.plist.xml; path = Info.plist; sourceTree = "<group>"; };
		BA5BFD132698B3EE00AB4AFB /* PresentViewController.swift */ = {isa = PBXFileReference; lastKnownFileType = sourcecode.swift; path = PresentViewController.swift; sourceTree = "<group>"; };
/* End PBXFileReference section */

/* Begin PBXFrameworksBuildPhase section */
		BA5BFCF82698B3E300AB4AFB /* Frameworks */ = {
			isa = PBXFrameworksBuildPhase;
			buildActionMask = 2147483647;
			files = (
			);
			runOnlyForDeploymentPostprocessing = 0;
		};
/* End PBXFrameworksBuildPhase section */

/* Begin PBXGroup section */
		BA5BFCF22698B3E300AB4AFB = {
			isa = PBXGroup;
			children = (
				BA5BFCFD2698B3E300AB4AFB /* NavigationControllerTask2 */,
				BA5BFCFC2698B3E300AB4AFB /* Products */,
			);
			sourceTree = "<group>";
		};
		BA5BFCFC2698B3E300AB4AFB /* Products */ = {
			isa = PBXGroup;
			children = (
				BA5BFCFB2698B3E300AB4AFB /* NavigationControllerTask2.app */,
			);
			name = Products;
			sourceTree = "<group>";
		};
		BA5BFCFD2698B3E300AB4AFB /* NavigationControllerTask2 */ = {
			isa = PBXGroup;
			children = (
				BA5BFCFE2698B3E300AB4AFB /* AppDelegate.swift */,
				BA5BFD002698B3E300AB4AFB /* SceneDelegate.swift */,
				BA5BFD022698B3E300AB4AFB /* ViewController.swift */,
				BA5BFD132698B3EE00AB4AFB /* PresentViewController.swift */,
				BA5BFD042698B3E300AB4AFB /* Main.storyboard */,
				BA5BFD072698B3E400AB4AFB /* Assets.xcassets */,
				BA5BFD092698B3E400AB4AFB /* LaunchScreen.storyboard */,
				BA5BFD0C2698B3E400AB4AFB /* Info.plist */,
			);
			path = NavigationControllerTask2;
			sourceTree = "<group>";
		};
/* End PBXGroup section */

/* Begin PBXNativeTarget section */
		BA5BFCFA2698B3E300AB4AFB /* NavigationControllerTask2 */ = {
			isa = PBXNativeTarget;
			buildConfigurationList = BA5BFD0F2698B3E400AB4AFB /* Build configuration list for PBXNativeTarget "NavigationControllerTask2" */;
			buildPhases = (
				BA5BFCF72698B3E300AB4AFB /* Sources */,
				BA5BFCF82698B3E300AB4AFB /* Frameworks */,
				BA5BFCF92698B3E300AB4AFB /* Resources */,
			);
			buildRules = (
			);
			dependencies = (
			);
			name = NavigationControllerTask2;
			productName = NavigationControllerTask2;
			productReference = BA5BFCFB2698B3E300AB4AFB /* NavigationControllerTask2.app */;
			productType = "com.apple.product-type.application";
		};
/* End PBXNativeTarget section */

/* Begin PBXProject section */
		BA5BFCF32698B3E300AB4AFB /* Project object */ = {
			isa = PBXProject;
			attributes = {
				LastSwiftUpdateCheck = 1240;
				LastUpgradeCheck = 1240;
				TargetAttributes = {
					BA5BFCFA2698B3E300AB4AFB = {
						CreatedOnToolsVersion = 12.4;
					};
				};
			};
			buildConfigurationList = BA5BFCF62698B3E300AB4AFB /* Build configuration list for PBXProject "NavigationControllerTask2" */;
			compatibilityVersion = "Xcode 9.3";
			developmentRegion = en;
			hasScannedForEncodings = 0;
			knownRegions = (
				en,
				Base,
			);
			mainGroup = BA5BFCF22698B3E300AB4AFB;
			productRefGroup = BA5BFCFC2698B3E300AB4AFB /* Products */;
			projectDirPath = "";
			projectRoot = "";
			targets = (
				BA5BFCFA2698B3E300AB4AFB /* NavigationControllerTask2 */,
			);
		};
/* End PBXProject section */

/* Begin PBXResourcesBuildPhase section */
		BA5BFCF92698B3E300AB4AFB /* Resources */ = {
			isa = PBXResourcesBuildPhase;
			buildActionMask = 2147483647;
			files = (
				BA5BFD0B2698B3E400AB4AFB /* LaunchScreen.storyboard in Resources */,
				BA5BFD082698B3E400AB4AFB /* Assets.xcassets in Resources */,
				BA5BFD062698B3E300AB4AFB /* Main.storyboard in Resources */,
			);
			runOnlyForDeploymentPostprocessing = 0;
		};
/* End PBXResourcesBuildPhase section */

/* Begin PBXSourcesBuildPhase section */
		BA5BFCF72698B3E300AB4AFB /* Sources */ = {
			isa = PBXSourcesBuildPhase;
			buildActionMask = 2147483647;
			files = (
				BA5BFD032698B3E300AB4AFB /* ViewController.swift in Sources */,
				BA5BFCFF2698B3E300AB4AFB /* AppDelegate.swift in Sources */,
				BA5BFD142698B3EE00AB4AFB /* PresentViewController.swift in Sources */,
				BA5BFD012698B3E300AB4AFB /* SceneDelegate.swift in Sources */,
			);
			runOnlyForDeploymentPostprocessing = 0;
		};
/* End PBXSourcesBuildPhase section */

/* Begin PBXVariantGroup section */
		BA5BFD042698B3E300AB4AFB /* Main.storyboard */ = {
			isa = PBXVariantGroup;
			children = (
				BA5BFD052698B3E300AB4AFB /* Base */,
			);
			name = Main.storyboard;
			sourceTree = "<group>";
		};
		BA5BFD092698B3E400AB4AFB /* LaunchScreen.storyboard */ = {
			isa = PBXVariantGroup;
			children = (
				BA5BFD0A2698B3E400AB4AFB /* Base */,
			);
			name = LaunchScreen.storyboard;
			sourceTree = "<group>";
		};
/* End PBXVariantGroup section */

/* Begin XCBuildConfiguration section */
		BA5BFD0D2698B3E400AB4AFB /* Debug */ = {
			isa = XCBuildConfiguration;
			buildSettings = {
				ALWAYS_SEARCH_USER_PATHS = NO;
				CLANG_ANALYZER_NONNULL = YES;
				CLANG_ANALYZER_NUMBER_OBJECT_CONVERSION = YES_AGGRESSIVE;
				CLANG_CXX_LANGUAGE_STANDARD = "gnu++14";
				CLANG_CXX_LIBRARY = "libc++";
				CLANG_ENABLE_MODULES = YES;
				CLANG_ENABLE_OBJC_ARC = YES;
				CLANG_ENABLE_OBJC_WEAK = YES;
				CLANG_WARN_BLOCK_CAPTURE_AUTORELEASING = YES;
				CLANG_WARN_BOOL_CONVERSION = YES;
				CLANG_WARN_COMMA = YES;
				CLANG_WARN_CONSTANT_CONVERSION = YES;
				CLANG_WARN_DEPRECATED_OBJC_IMPLEMENTATIONS = YES;
				CLANG_WARN_DIRECT_OBJC_ISA_USAGE = YES_ERROR;
				CLANG_WARN_DOCUMENTATION_COMMENTS = YES;
				CLANG_WARN_EMPTY_BODY = YES;
				CLANG_WARN_ENUM_CONVERSION = YES;
				CLANG_WARN_INFINITE_RECURSION = YES;
				CLANG_WARN_INT_CONVERSION = YES;
				CLANG_WARN_NON_LITERAL_NULL_CONVERSION = YES;
				CLANG_WARN_OBJC_IMPLICIT_RETAIN_SELF = YES;
				CLANG_WARN_OBJC_LITERAL_CONVERSION = YES;
				CLANG_WARN_OBJC_ROOT_CLASS = YES_ERROR;
				CLANG_WARN_QUOTED_INCLUDE_IN_FRAMEWORK_HEADER = YES;
				CLANG_WARN_RANGE_LOOP_ANALYSIS = YES;
				CLANG_WARN_STRICT_PROTOTYPES = YES;
				CLANG_WARN_SUSPICIOUS_MOVE = YES;
				CLANG_WARN_UNGUARDED_AVAILABILITY = YES_AGGRESSIVE;
				CLANG_WARN_UNREACHABLE_CODE = YES;
				CLANG_WARN__DUPLICATE_METHOD_MATCH = YES;
				COPY_PHASE_STRIP = NO;
				DEBUG_INFORMATION_FORMAT = dwarf;
				ENABLE_STRICT_OBJC_MSGSEND = YES;
				ENABLE_TESTABILITY = YES;
				GCC_C_LANGUAGE_STANDARD = gnu11;
				GCC_DYNAMIC_NO_PIC = NO;
				GCC_NO_COMMON_BLOCKS = YES;
				GCC_OPTIMIZATION_LEVEL = 0;
				GCC_PREPROCESSOR_DEFINITIONS = (
					"DEBUG=1",
					"$(inherited)",
				);
				GCC_WARN_64_TO_32_BIT_CONVERSION = YES;
				GCC_WARN_ABOUT_RETURN_TYPE = YES_ERROR;
				GCC_WARN_UNDECLARED_SELECTOR = YES;
				GCC_WARN_UNINITIALIZED_AUTOS = YES_AGGRESSIVE;
				GCC_WARN_UNUSED_FUNCTION = YES;
				GCC_WARN_UNUSED_VARIABLE = YES;
				IPHONEOS_DEPLOYMENT_TARGET = 14.4;
				MTL_ENABLE_DEBUG_INFO = INCLUDE_SOURCE;
				MTL_FAST_MATH = YES;
				ONLY_ACTIVE_ARCH = YES;
				SDKROOT = iphoneos;
				SWIFT_ACTIVE_COMPILATION_CONDITIONS = DEBUG;
				SWIFT_OPTIMIZATION_LEVEL = "-Onone";
			};
			name = Debug;
		};
		BA5BFD0E2698B3E400AB4AFB /* Release */ = {
			isa = XCBuildConfiguration;
			buildSettings = {
				ALWAYS_SEARCH_USER_PATHS = NO;
				CLANG_ANALYZER_NONNULL = YES;
				CLANG_ANALYZER_NUMBER_OBJECT_CONVERSION = YES_AGGRESSIVE;
				CLANG_CXX_LANGUAGE_STANDARD = "gnu++14";
				CLANG_CXX_LIBRARY = "libc++";
				CLANG_ENABLE_MODULES = YES;
				CLANG_ENABLE_OBJC_ARC = YES;
				CLANG_ENABLE_OBJC_WEAK = YES;
				CLANG_WARN_BLOCK_CAPTURE_AUTORELEASING = YES;
				CLANG_WARN_BOOL_CONVERSION = YES;
				CLANG_WARN_COMMA = YES;
				CLANG_WARN_CONSTANT_CONVERSION = YES;
				CLANG_WARN_DEPRECATED_OBJC_IMPLEMENTATIONS = YES;
				CLANG_WARN_DIRECT_OBJC_ISA_USAGE = YES_ERROR;
				CLANG_WARN_DOCUMENTATION_COMMENTS = YES;
				CLANG_WARN_EMPTY_BODY = YES;
				CLANG_WARN_ENUM_CONVERSION = YES;
				CLANG_WARN_INFINITE_RECURSION = YES;
				CLANG_WARN_INT_CONVERSION = YES;
				CLANG_WARN_NON_LITERAL_NULL_CONVERSION = YES;
				CLANG_WARN_OBJC_IMPLICIT_RETAIN_SELF = YES;
				CLANG_WARN_OBJC_LITERAL_CONVERSION = YES;
				CLANG_WARN_OBJC_ROOT_CLASS = YES_ERROR;
				CLANG_WARN_QUOTED_INCLUDE_IN_FRAMEWORK_HEADER = YES;
				CLANG_WARN_RANGE_LOOP_ANALYSIS = YES;
				CLANG_WARN_STRICT_PROTOTYPES = YES;
				CLANG_WARN_SUSPICIOUS_MOVE = YES;
				CLANG_WARN_UNGUARDED_AVAILABILITY = YES_AGGRESSIVE;
				CLANG_WARN_UNREACHABLE_CODE = YES;
				CLANG_WARN__DUPLICATE_METHOD_MATCH = YES;
				COPY_PHASE_STRIP = NO;
				DEBUG_INFORMATION_FORMAT = "dwarf-with-dsym";
				ENABLE_NS_ASSERTIONS = NO;
				ENABLE_STRICT_OBJC_MSGSEND = YES;
				GCC_C_LANGUAGE_STANDARD = gnu11;
				GCC_NO_COMMON_BLOCKS = YES;
				GCC_WARN_64_TO_32_BIT_CONVERSION = YES;
				GCC_WARN_ABOUT_RETURN_TYPE = YES_ERROR;
				GCC_WARN_UNDECLARED_SELECTOR = YES;
				GCC_WARN_UNINITIALIZED_AUTOS = YES_AGGRESSIVE;
				GCC_WARN_UNUSED_FUNCTION = YES;
				GCC_WARN_UNUSED_VARIABLE = YES;
				IPHONEOS_DEPLOYMENT_TARGET = 14.4;
				MTL_ENABLE_DEBUG_INFO = NO;
				MTL_FAST_MATH = YES;
				SDKROOT = iphoneos;
				SWIFT_COMPILATION_MODE = wholemodule;
				SWIFT_OPTIMIZATION_LEVEL = "-O";
				VALIDATE_PRODUCT = YES;
			};
			name = Release;
		};
		BA5BFD102698B3E400AB4AFB /* Debug */ = {
			isa = XCBuildConfiguration;
			buildSettings = {
				ASSETCATALOG_COMPILER_APPICON_NAME = AppIcon;
				ASSETCATALOG_COMPILER_GLOBAL_ACCENT_COLOR_NAME = AccentColor;
				CODE_SIGN_STYLE = Automatic;
				DEVELOPMENT_TEAM = LMLDPTMD58;
				INFOPLIST_FILE = NavigationControllerTask2/Info.plist;
				LD_RUNPATH_SEARCH_PATHS = (
					"$(inherited)",
					"@executable_path/Frameworks",
				);
				PRODUCT_BUNDLE_IDENTIFIER = UI.NavigationControllerTask2;
				PRODUCT_NAME = "$(TARGET_NAME)";
				SWIFT_VERSION = 5.0;
				TARGETED_DEVICE_FAMILY = "1,2";
			};
			name = Debug;
		};
		BA5BFD112698B3E400AB4AFB /* Release */ = {
			isa = XCBuildConfiguration;
			buildSettings = {
				ASSETCATALOG_COMPILER_APPICON_NAME = AppIcon;
				ASSETCATALOG_COMPILER_GLOBAL_ACCENT_COLOR_NAME = AccentColor;
				CODE_SIGN_STYLE = Automatic;
				DEVELOPMENT_TEAM = LMLDPTMD58;
				INFOPLIST_FILE = NavigationControllerTask2/Info.plist;
				LD_RUNPATH_SEARCH_PATHS = (
					"$(inherited)",
					"@executable_path/Frameworks",
				);
				PRODUCT_BUNDLE_IDENTIFIER = UI.NavigationControllerTask2;
				PRODUCT_NAME = "$(TARGET_NAME)";
				SWIFT_VERSION = 5.0;
				TARGETED_DEVICE_FAMILY = "1,2";
			};
			name = Release;
		};
/* End XCBuildConfiguration section */

/* Begin XCConfigurationList section */
		BA5BFCF62698B3E300AB4AFB /* Build configuration list for PBXProject "NavigationControllerTask2" */ = {
			isa = XCConfigurationList;
			buildConfigurations = (
				BA5BFD0D2698B3E400AB4AFB /* Debug */,
				BA5BFD0E2698B3E400AB4AFB /* Release */,
			);
			defaultConfigurationIsVisible = 0;
			defaultConfigurationName = Release;
		};
		BA5BFD0F2698B3E400AB4AFB /* Build configuration list for PBXNativeTarget "NavigationControllerTask2" */ = {
			isa = XCConfigurationList;
			buildConfigurations = (
				BA5BFD102698B3E400AB4AFB /* Debug */,
				BA5BFD112698B3E400AB4AFB /* Release */,
			);
			defaultConfigurationIsVisible = 0;
			defaultConfigurationName = Release;
		};
/* End XCConfigurationList section */
	};
	rootObject = BA5BFCF32698B3E300AB4AFB /* Project object */;
}
